# THIS IS AN AUTOGENERATED FILE. DO NOT EDIT THIS FILE DIRECTLY.
# yarn lockfile v1


acorn-es7-plugin@^1.0.12:
  version "1.1.7"
  resolved "https://registry.yarnpkg.com/acorn-es7-plugin/-/acorn-es7-plugin-1.1.7.tgz#f2ee1f3228a90eead1245f9ab1922eb2e71d336b"

acorn@^5.0.0:
  version "5.7.2"
  resolved "https://registry.yarnpkg.com/acorn/-/acorn-5.7.2.tgz#91fa871883485d06708800318404e72bfb26dcc5"

array-filter@^1.0.0:
  version "1.0.0"
  resolved "https://registry.yarnpkg.com/array-filter/-/array-filter-1.0.0.tgz#baf79e62e6ef4c2a4c0b831232daffec251f9d83"

call-signature@0.0.2:
  version "0.0.2"
  resolved "https://registry.yarnpkg.com/call-signature/-/call-signature-0.0.2.tgz#a84abc825a55ef4cb2b028bd74e205a65b9a4996"

common@^0.2.5:
  version "0.2.5"
  resolved "https://registry.yarnpkg.com/common/-/common-0.2.5.tgz#3c7182f678bd1e3681cd5cc348c759fe8dd22394"

core-js@^2.0.0:
  version "2.5.7"
  resolved "https://registry.yarnpkg.com/core-js/-/core-js-2.5.7.tgz#f972608ff0cead68b841a16a932d0b183791814e"

crypto-js@^3.1.9-1:
  version "3.1.9-1"
  resolved "https://registry.yarnpkg.com/crypto-js/-/crypto-js-3.1.9-1.tgz#fda19e761fc077e01ffbfdc6e9fdfc59e8806cd8"

define-properties@^1.1.2:
  version "1.1.3"
  resolved "https://registry.yarnpkg.com/define-properties/-/define-properties-1.1.3.tgz#cf88da6cbee26fe6db7094f61d870cbd84cee9f1"
  dependencies:
    object-keys "^1.0.12"

diff-match-patch@^1.0.0:
  version "1.0.1"
  resolved "https://registry.yarnpkg.com/diff-match-patch/-/diff-match-patch-1.0.1.tgz#d5f880213d82fbc124d2b95111fb3c033dbad7fa"

eastasianwidth@^0.2.0:
  version "0.2.0"
  resolved "https://registry.yarnpkg.com/eastasianwidth/-/eastasianwidth-0.2.0.tgz#696ce2ec0aa0e6ea93a397ffcf24aa7840c827cb"

empower-core@^1.2.0:
  version "1.2.0"
  resolved "https://registry.yarnpkg.com/empower-core/-/empower-core-1.2.0.tgz#ce3fb2484d5187fa29c23fba8344b0b2fdf5601c"
  dependencies:
    call-signature "0.0.2"
    core-js "^2.0.0"

empower@^1.3.0:
  version "1.3.0"
  resolved "https://registry.yarnpkg.com/empower/-/empower-1.3.0.tgz#6b05e77625e77dc44945c4328562c3020b01fa4b"
  dependencies:
    core-js "^2.0.0"
    empower-core "^1.2.0"

espurify@^1.6.0:
  version "1.8.1"
  resolved "https://registry.yarnpkg.com/espurify/-/espurify-1.8.1.tgz#5746c6c1ab42d302de10bd1d5bf7f0e8c0515056"
  dependencies:
    core-js "^2.0.0"

estraverse@^4.1.0, estraverse@^4.2.0:
  version "4.2.0"
  resolved "https://registry.yarnpkg.com/estraverse/-/estraverse-4.2.0.tgz#0dee3fed31fcd469618ce7342099fc1afa0bdb13"

indexof@0.0.1:
  version "0.0.1"
  resolved "https://registry.yarnpkg.com/indexof/-/indexof-0.0.1.tgz#82dc336d232b9062179d05ab3293a66059fd435d"

nonce@^1.0.4:
  version "1.0.4"
  resolved "https://registry.yarnpkg.com/nonce/-/nonce-1.0.4.tgz#ee7302ade8c1bef476f301b8c91f5cc51a487612"

object-keys@^1.0.0, object-keys@^1.0.12:
  version "1.0.12"
  resolved "https://registry.yarnpkg.com/object-keys/-/object-keys-1.0.12.tgz#09c53855377575310cca62f55bb334abff7b3ed2"

power-assert-context-formatter@^1.0.7:
  version "1.2.0"
  resolved "https://registry.yarnpkg.com/power-assert-context-formatter/-/power-assert-context-formatter-1.2.0.tgz#8fbe72692288ec5a7203cdf215c8b838a6061d2a"
  dependencies:
    core-js "^2.0.0"
    power-assert-context-traversal "^1.2.0"

power-assert-context-reducer-ast@^1.0.7:
  version "1.2.0"
  resolved "https://registry.yarnpkg.com/power-assert-context-reducer-ast/-/power-assert-context-reducer-ast-1.2.0.tgz#c7ca1c9e39a6fb717f7ac5fe9e76e192bf525df3"
  dependencies:
    acorn "^5.0.0"
    acorn-es7-plugin "^1.0.12"
    core-js "^2.0.0"
    espurify "^1.6.0"
    estraverse "^4.2.0"

power-assert-context-traversal@^1.2.0:
  version "1.2.0"
  resolved "https://registry.yarnpkg.com/power-assert-context-traversal/-/power-assert-context-traversal-1.2.0.tgz#f6e71454baf640de5c1c9c270349f5c9ab0b2e94"
  dependencies:
    core-js "^2.0.0"
    estraverse "^4.1.0"

power-assert-formatter@^1.4.1:
  version "1.4.1"
  resolved "https://registry.yarnpkg.com/power-assert-formatter/-/power-assert-formatter-1.4.1.tgz#5dc125ed50a3dfb1dda26c19347f3bf58ec2884a"
  dependencies:
    core-js "^2.0.0"
    power-assert-context-formatter "^1.0.7"
    power-assert-context-reducer-ast "^1.0.7"
    power-assert-renderer-assertion "^1.0.7"
    power-assert-renderer-comparison "^1.0.7"
    power-assert-renderer-diagram "^1.0.7"
    power-assert-renderer-file "^1.0.7"

power-assert-renderer-assertion@^1.0.7:
  version "1.2.0"
  resolved "https://registry.yarnpkg.com/power-assert-renderer-assertion/-/power-assert-renderer-assertion-1.2.0.tgz#3db6ffcda106b37bc1e06432ad0d748a682b147a"
  dependencies:
    power-assert-renderer-base "^1.1.1"
    power-assert-util-string-width "^1.2.0"

power-assert-renderer-base@^1.1.1:
  version "1.1.1"
  resolved "https://registry.yarnpkg.com/power-assert-renderer-base/-/power-assert-renderer-base-1.1.1.tgz#96a650c6fd05ee1bc1f66b54ad61442c8b3f63eb"

power-assert-renderer-comparison@^1.0.7:
  version "1.2.0"
  resolved "https://registry.yarnpkg.com/power-assert-renderer-comparison/-/power-assert-renderer-comparison-1.2.0.tgz#e4f88113225a69be8aa586ead05aef99462c0495"
  dependencies:
    core-js "^2.0.0"
    diff-match-patch "^1.0.0"
    power-assert-renderer-base "^1.1.1"
    stringifier "^1.3.0"
    type-name "^2.0.1"

power-assert-renderer-diagram@^1.0.7:
  version "1.2.0"
  resolved "https://registry.yarnpkg.com/power-assert-renderer-diagram/-/power-assert-renderer-diagram-1.2.0.tgz#37f66e8542e5677c5b58e6d72b01c0d9a30e2219"
  dependencies:
    core-js "^2.0.0"
    power-assert-renderer-base "^1.1.1"
    power-assert-util-string-width "^1.2.0"
    stringifier "^1.3.0"

power-assert-renderer-file@^1.0.7:
  version "1.2.0"
  resolved "https://registry.yarnpkg.com/power-assert-renderer-file/-/power-assert-renderer-file-1.2.0.tgz#3f4bebd9e1455d75cf2ac541e7bb515a87d4ce4b"
  dependencies:
    power-assert-renderer-base "^1.1.1"

power-assert-util-string-width@^1.2.0:
  version "1.2.0"
  resolved "https://registry.yarnpkg.com/power-assert-util-string-width/-/power-assert-util-string-width-1.2.0.tgz#6e06d5e3581bb876c5d377c53109fffa95bd91a0"
  dependencies:
    eastasianwidth "^0.2.0"

power-assert@^1.6.0:
  version "1.6.0"
  resolved "https://registry.yarnpkg.com/power-assert/-/power-assert-1.6.0.tgz#3a9d2b943cf0d6fc6a623766869c4460838c05fb"
  dependencies:
    define-properties "^1.1.2"
    empower "^1.3.0"
    power-assert-formatter "^1.4.1"
    universal-deep-strict-equal "^1.2.1"
    xtend "^4.0.0"

stringifier@^1.3.0:
  version "1.4.0"
  resolved "https://registry.yarnpkg.com/stringifier/-/stringifier-1.4.0.tgz#d704581567f4526265d00ed8ecb354a02c3fec28"
  dependencies:
    core-js "^2.0.0"
    traverse "^0.6.6"
    type-name "^2.0.1"

three@^0.91.0:
  version "0.91.0"
  resolved "https://registry.yarnpkg.com/three/-/three-0.91.0.tgz#033fe745b64e56e679a86581957cfd1c5f9fe284"

traverse@^0.6.6:
  version "0.6.6"
  resolved "https://registry.yarnpkg.com/traverse/-/traverse-0.6.6.tgz#cbdf560fd7b9af632502fed40f918c157ea97137"

type-name@^2.0.1:
  version "2.0.2"
  resolved "https://registry.yarnpkg.com/type-name/-/type-name-2.0.2.tgz#efe7d4123d8ac52afff7f40c7e4dec5266008fb4"

universal-deep-strict-equal@^1.2.1:
  version "1.2.2"
  resolved "https://registry.yarnpkg.com/universal-deep-strict-equal/-/universal-deep-strict-equal-1.2.2.tgz#0da4ac2f73cff7924c81fa4de018ca562ca2b0a7"
  dependencies:
    array-filter "^1.0.0"
    indexof "0.0.1"
    object-keys "^1.0.0"

xtend@^4.0.0:
  version "4.0.1"
  resolved "https://registry.yarnpkg.com/xtend/-/xtend-4.0.1.tgz#a5c6d532be656e23db820efb943a1f04998d63af"
